schema: '2.0'
stages:
  get_data:
    cmd: python scripts/data.py
    deps:
    - path: scripts/data.py
      hash: md5
      md5: 9a6e61b6e3b7425869a5b1819710add3
      size: 1493
    params:
      params.yaml:
        index_col: customer_id
    outs:
    - path: data/initial_data.csv
      hash: md5
      md5: 5610867e8ba2636eb6d32e31606c2c1c
      size: 822095
      cloud:
        my_storage:
          etag: 5610867e8ba2636eb6d32e31606c2c1c
          version_id: 00062316D4B43C26
  fit_model:
    cmd: python scripts/fit.py
    deps:
    - path: data/initial_data.csv
      hash: md5
      md5: 5610867e8ba2636eb6d32e31606c2c1c
      size: 822095
    - path: scripts/fit.py
      hash: md5
      md5: 70fbf230c8e758c0875d1da46d4419ff
      size: 1913
    params:
      params.yaml:
        C: 1
        index_col: customer_id
        one_hot_drop: if_binary
        penalty: l2
        remainder: drop
        target_col: target
        verbose_feature_names_out: false
    outs:
    - path: models/fitted_model.pkl
      hash: md5
      md5: e32302e1a04774bcd3ca58c9f1751319
      size: 11582
      cloud:
        my_storage:
          etag: e32302e1a04774bcd3ca58c9f1751319
          version_id: 0006231924BD546F
  evaluate_model:
    cmd: python scripts/evaluate.py
    deps:
    - path: models/fitted_model.pkl
      hash: md5
      md5: e32302e1a04774bcd3ca58c9f1751319
      size: 11582
    - path: scripts/evaluate.py
      hash: md5
      md5: b8f020b92e70d0b427f3ee3643620f0d
      size: 1389
    params:
      params.yaml:
        index_col: customer_id
        metrics:
        - f1
        - roc_auc
        n_jobs: -1
        n_splits: 5
        target_col: target
    outs:
    - path: cv_results/cv_res.json
      hash: md5
      md5: d698eae339b27343dcd312a234b07eb5
      size: 77
      cloud:
        my_storage:
          etag: d698eae339b27343dcd312a234b07eb5
          version_id: 0006231924BD0668
